
Microsoft Visual Studio Solution File, Format Version 12.00
# Visual Studio Version 17
VisualStudioVersion = 17.9.34518.117
MinimumVisualStudioVersion = 10.0.40219.1
Project("{2150E333-8FDC-42A3-9474-1A3956D46DE8}") = "src", "src", "{D376E535-7EB3-463B-A58D-BF0729A24399}"
EndProject
Project("{2150E333-8FDC-42A3-9474-1A3956D46DE8}") = "tests", "tests", "{116DA481-316A-4F32-AABC-F1D8D077B096}"
EndProject
Project("{2150E333-8FDC-42A3-9474-1A3956D46DE8}") = "Core", "Core", "{97AD5872-A7CD-4C2F-9E24-44C42D159E9F}"
EndProject
Project("{2150E333-8FDC-42A3-9474-1A3956D46DE8}") = "Services", "Services", "{3697528C-95E5-436D-8EC2-D73F6EC939B1}"
EndProject
Project("{2150E333-8FDC-42A3-9474-1A3956D46DE8}") = "UI", "UI", "{397D6B3A-9253-40E3-9BC9-FB5BA56D1055}"
EndProject
Project("{2150E333-8FDC-42A3-9474-1A3956D46DE8}") = "Identity", "Identity", "{472149F6-750F-48A7-83E3-075900FBCD4E}"
EndProject
Project("{9A19103F-16F7-4668-BE54-9A1E7A4F7556}") = "Identity.Api", "src\Identity.Api\Identity.Api.csproj", "{2E86124D-8645-4577-87EE-29B8E62A5A61}"
EndProject
Project("{9A19103F-16F7-4668-BE54-9A1E7A4F7556}") = "Core", "src\Core\Core.csproj", "{41BDA369-ACEE-4E24-8E12-B21DBC92A6D7}"
EndProject
Project("{9A19103F-16F7-4668-BE54-9A1E7A4F7556}") = "WebApplication.MVC", "src\WebApplication.MVC\WebApplication.MVC.csproj", "{DB36FB91-1A65-4BAC-858F-4FCE04F7FD4C}"
EndProject
Project("{2150E333-8FDC-42A3-9474-1A3956D46DE8}") = "Catalog", "Catalog", "{348E8EA4-F7EF-47C3-9752-60C753663BF3}"
EndProject
Project("{9A19103F-16F7-4668-BE54-9A1E7A4F7556}") = "Catalog.Api", "src\Catalog.Api\Catalog.Api.csproj", "{C95ADE33-B277-4C39-B5E3-D51FEB12E3DF}"
EndProject
Project("{2150E333-8FDC-42A3-9474-1A3956D46DE8}") = "Cart", "Cart", "{89266FC5-EF30-4F38-8C62-C107F9D8055D}"
EndProject
Project("{9A19103F-16F7-4668-BE54-9A1E7A4F7556}") = "Cart.Api", "src\Cart.Api\Cart.Api.csproj", "{5B06A098-8429-4B9B-B911-068BABE73545}"
EndProject
Project("{2150E333-8FDC-42A3-9474-1A3956D46DE8}") = "Customer", "Customer", "{4644FAC7-2051-4412-B843-DDFC7A176F3F}"
EndProject
Project("{9A19103F-16F7-4668-BE54-9A1E7A4F7556}") = "Customer.Api", "src\Customer.Api\Customer.Api.csproj", "{7F919934-A0EB-4BDB-9820-625CC385B62F}"
EndProject
Project("{2150E333-8FDC-42A3-9474-1A3956D46DE8}") = "Payment", "Payment", "{561E235F-EB45-4A69-9F83-46EFEF20476C}"
EndProject
Project("{9A19103F-16F7-4668-BE54-9A1E7A4F7556}") = "Payment.Api", "src\Payment.Api\Payment.Api.csproj", "{50A00318-9E8F-43A7-945C-A8A9C9A3E403}"
EndProject
Project("{2150E333-8FDC-42A3-9474-1A3956D46DE8}") = "Order", "Order", "{1C23F594-AC4E-4D8E-AF62-D20A712A15FD}"
EndProject
Project("{9A19103F-16F7-4668-BE54-9A1E7A4F7556}") = "Order.Api", "src\Order.Api\Order.Api.csproj", "{F3C4093C-A043-42E3-BD62-264EE53E00C0}"
EndProject
Project("{2150E333-8FDC-42A3-9474-1A3956D46DE8}") = "Solution Items", "Solution Items", "{7217CBDE-FF4E-4004-8513-88AFC3085E6C}"
	ProjectSection(SolutionItems) = preProject
		docker-compose.yaml = docker-compose.yaml
	EndProjectSection
EndProject
Global
	GlobalSection(SolutionConfigurationPlatforms) = preSolution
		Debug|Any CPU = Debug|Any CPU
		Release|Any CPU = Release|Any CPU
	EndGlobalSection
	GlobalSection(ProjectConfigurationPlatforms) = postSolution
		{2E86124D-8645-4577-87EE-29B8E62A5A61}.Debug|Any CPU.ActiveCfg = Debug|Any CPU
		{2E86124D-8645-4577-87EE-29B8E62A5A61}.Debug|Any CPU.Build.0 = Debug|Any CPU
		{2E86124D-8645-4577-87EE-29B8E62A5A61}.Release|Any CPU.ActiveCfg = Release|Any CPU
		{2E86124D-8645-4577-87EE-29B8E62A5A61}.Release|Any CPU.Build.0 = Release|Any CPU
		{41BDA369-ACEE-4E24-8E12-B21DBC92A6D7}.Debug|Any CPU.ActiveCfg = Debug|Any CPU
		{41BDA369-ACEE-4E24-8E12-B21DBC92A6D7}.Debug|Any CPU.Build.0 = Debug|Any CPU
		{41BDA369-ACEE-4E24-8E12-B21DBC92A6D7}.Release|Any CPU.ActiveCfg = Release|Any CPU
		{41BDA369-ACEE-4E24-8E12-B21DBC92A6D7}.Release|Any CPU.Build.0 = Release|Any CPU
		{DB36FB91-1A65-4BAC-858F-4FCE04F7FD4C}.Debug|Any CPU.ActiveCfg = Debug|Any CPU
		{DB36FB91-1A65-4BAC-858F-4FCE04F7FD4C}.Debug|Any CPU.Build.0 = Debug|Any CPU
		{DB36FB91-1A65-4BAC-858F-4FCE04F7FD4C}.Release|Any CPU.ActiveCfg = Release|Any CPU
		{DB36FB91-1A65-4BAC-858F-4FCE04F7FD4C}.Release|Any CPU.Build.0 = Release|Any CPU
		{C95ADE33-B277-4C39-B5E3-D51FEB12E3DF}.Debug|Any CPU.ActiveCfg = Debug|Any CPU
		{C95ADE33-B277-4C39-B5E3-D51FEB12E3DF}.Debug|Any CPU.Build.0 = Debug|Any CPU
		{C95ADE33-B277-4C39-B5E3-D51FEB12E3DF}.Release|Any CPU.ActiveCfg = Release|Any CPU
		{C95ADE33-B277-4C39-B5E3-D51FEB12E3DF}.Release|Any CPU.Build.0 = Release|Any CPU
		{5B06A098-8429-4B9B-B911-068BABE73545}.Debug|Any CPU.ActiveCfg = Debug|Any CPU
		{5B06A098-8429-4B9B-B911-068BABE73545}.Debug|Any CPU.Build.0 = Debug|Any CPU
		{5B06A098-8429-4B9B-B911-068BABE73545}.Release|Any CPU.ActiveCfg = Release|Any CPU
		{5B06A098-8429-4B9B-B911-068BABE73545}.Release|Any CPU.Build.0 = Release|Any CPU
		{7F919934-A0EB-4BDB-9820-625CC385B62F}.Debug|Any CPU.ActiveCfg = Debug|Any CPU
		{7F919934-A0EB-4BDB-9820-625CC385B62F}.Debug|Any CPU.Build.0 = Debug|Any CPU
		{7F919934-A0EB-4BDB-9820-625CC385B62F}.Release|Any CPU.ActiveCfg = Release|Any CPU
		{7F919934-A0EB-4BDB-9820-625CC385B62F}.Release|Any CPU.Build.0 = Release|Any CPU
		{50A00318-9E8F-43A7-945C-A8A9C9A3E403}.Debug|Any CPU.ActiveCfg = Debug|Any CPU
		{50A00318-9E8F-43A7-945C-A8A9C9A3E403}.Debug|Any CPU.Build.0 = Debug|Any CPU
		{50A00318-9E8F-43A7-945C-A8A9C9A3E403}.Release|Any CPU.ActiveCfg = Release|Any CPU
		{50A00318-9E8F-43A7-945C-A8A9C9A3E403}.Release|Any CPU.Build.0 = Release|Any CPU
		{F3C4093C-A043-42E3-BD62-264EE53E00C0}.Debug|Any CPU.ActiveCfg = Debug|Any CPU
		{F3C4093C-A043-42E3-BD62-264EE53E00C0}.Debug|Any CPU.Build.0 = Debug|Any CPU
		{F3C4093C-A043-42E3-BD62-264EE53E00C0}.Release|Any CPU.ActiveCfg = Release|Any CPU
		{F3C4093C-A043-42E3-BD62-264EE53E00C0}.Release|Any CPU.Build.0 = Release|Any CPU
	EndGlobalSection
	GlobalSection(SolutionProperties) = preSolution
		HideSolutionNode = FALSE
	EndGlobalSection
	GlobalSection(NestedProjects) = preSolution
		{97AD5872-A7CD-4C2F-9E24-44C42D159E9F} = {D376E535-7EB3-463B-A58D-BF0729A24399}
		{3697528C-95E5-436D-8EC2-D73F6EC939B1} = {D376E535-7EB3-463B-A58D-BF0729A24399}
		{397D6B3A-9253-40E3-9BC9-FB5BA56D1055} = {D376E535-7EB3-463B-A58D-BF0729A24399}
		{472149F6-750F-48A7-83E3-075900FBCD4E} = {3697528C-95E5-436D-8EC2-D73F6EC939B1}
		{2E86124D-8645-4577-87EE-29B8E62A5A61} = {472149F6-750F-48A7-83E3-075900FBCD4E}
		{41BDA369-ACEE-4E24-8E12-B21DBC92A6D7} = {97AD5872-A7CD-4C2F-9E24-44C42D159E9F}
		{DB36FB91-1A65-4BAC-858F-4FCE04F7FD4C} = {397D6B3A-9253-40E3-9BC9-FB5BA56D1055}
		{348E8EA4-F7EF-47C3-9752-60C753663BF3} = {3697528C-95E5-436D-8EC2-D73F6EC939B1}
		{C95ADE33-B277-4C39-B5E3-D51FEB12E3DF} = {348E8EA4-F7EF-47C3-9752-60C753663BF3}
		{89266FC5-EF30-4F38-8C62-C107F9D8055D} = {3697528C-95E5-436D-8EC2-D73F6EC939B1}
		{5B06A098-8429-4B9B-B911-068BABE73545} = {89266FC5-EF30-4F38-8C62-C107F9D8055D}
		{4644FAC7-2051-4412-B843-DDFC7A176F3F} = {3697528C-95E5-436D-8EC2-D73F6EC939B1}
		{7F919934-A0EB-4BDB-9820-625CC385B62F} = {4644FAC7-2051-4412-B843-DDFC7A176F3F}
		{561E235F-EB45-4A69-9F83-46EFEF20476C} = {3697528C-95E5-436D-8EC2-D73F6EC939B1}
		{50A00318-9E8F-43A7-945C-A8A9C9A3E403} = {561E235F-EB45-4A69-9F83-46EFEF20476C}
		{1C23F594-AC4E-4D8E-AF62-D20A712A15FD} = {3697528C-95E5-436D-8EC2-D73F6EC939B1}
		{F3C4093C-A043-42E3-BD62-264EE53E00C0} = {1C23F594-AC4E-4D8E-AF62-D20A712A15FD}
	EndGlobalSection
	GlobalSection(ExtensibilityGlobals) = postSolution
		SolutionGuid = {EB17A0C7-5E74-45B7-A7A6-479F84ADD89C}
	EndGlobalSection
EndGlobal
